
Microsoft Visual Studio Solution File, Format Version 12.00
# Visual Studio 15
Project("{FAE04EC0-301F-11D3-BF4B-00C04F79EFBC}") = "Assembly-CSharp-Editor", "Assembly-CSharp-Editor.csproj", "{C5FB6610-B845-692E-6B7D-94AA99E623FC}"
EndProject
Project("{FAE04EC0-301F-11D3-BF4B-00C04F79EFBC}") = "Assembly-CSharp", "Assembly-CSharp.csproj", "{32584ABD-94E1-ABE5-8B3B-6F6BBB52AEB2}"
EndProject
Global
	GlobalSection(SolutionConfigurationPlatforms) = preSolution
		Debug|Any CPU = Debug|Any CPU
		Release|Any CPU = Release|Any CPU
	EndGlobalSection
	GlobalSection(ProjectConfigurationPlatforms) = postSolution
		{C5FB6610-B845-692E-6B7D-94AA99E623FC}.Debug|Any CPU.ActiveCfg = Debug|Any CPU
		{C5FB6610-B845-692E-6B7D-94AA99E623FC}.Debug|Any CPU.Build.0 = Debug|Any CPU
		{C5FB6610-B845-692E-6B7D-94AA99E623FC}.Release|Any CPU.ActiveCfg = Release|Any CPU
		{C5FB6610-B845-692E-6B7D-94AA99E623FC}.Release|Any CPU.Build.0 = Release|Any CPU
		{32584ABD-94E1-ABE5-8B3B-6F6BBB52AEB2}.Debug|Any CPU.ActiveCfg = Debug|Any CPU
		{32584ABD-94E1-ABE5-8B3B-6F6BBB52AEB2}.Debug|Any CPU.Build.0 = Debug|Any CPU
		{32584ABD-94E1-ABE5-8B3B-6F6BBB52AEB2}.Release|Any CPU.ActiveCfg = Release|Any CPU
		{32584ABD-94E1-ABE5-8B3B-6F6BBB52AEB2}.Release|Any CPU.Build.0 = Release|Any CPU
	EndGlobalSection
	GlobalSection(SolutionProperties) = preSolution
		HideSolutionNode = FALSE
	EndGlobalSection
EndGlobal
